
Microsoft Visual Studio Solution File, Format Version 12.00
# Visual Studio Version 17
VisualStudioVersion = 17.2.32519.379
MinimumVisualStudioVersion = 10.0.40219.1
Project("{FAE04EC0-301F-11D3-BF4B-00C04F79EFBC}") = "MicroVaporate", "MicroVaporate.csproj", "{16D198EC-4D97-4314-B6AD-D7230D068939}"
EndProject
Project("{FAE04EC0-301F-11D3-BF4B-00C04F79EFBC}") = "MicroVaporate-NW", "..\MicroVaporate-NW\MicroVaporate-NW.csproj", "{935CEABF-77F6-4274-BC12-8BFB6CB49D09}"
EndProject
Global
	GlobalSection(SolutionConfigurationPlatforms) = preSolution
		Debug|Any CPU = Debug|Any CPU
		Release|Any CPU = Release|Any CPU
	EndGlobalSection
	GlobalSection(ProjectConfigurationPlatforms) = postSolution
		{16D198EC-4D97-4314-B6AD-D7230D068939}.Debug|Any CPU.ActiveCfg = Debug|Any CPU
		{16D198EC-4D97-4314-B6AD-D7230D068939}.Debug|Any CPU.Build.0 = Debug|Any CPU
		{16D198EC-4D97-4314-B6AD-D7230D068939}.Release|Any CPU.ActiveCfg = Release|Any CPU
		{16D198EC-4D97-4314-B6AD-D7230D068939}.Release|Any CPU.Build.0 = Release|Any CPU
		{935CEABF-77F6-4274-BC12-8BFB6CB49D09}.Debug|Any CPU.ActiveCfg = Debug|Any CPU
		{935CEABF-77F6-4274-BC12-8BFB6CB49D09}.Debug|Any CPU.Build.0 = Debug|Any CPU
		{935CEABF-77F6-4274-BC12-8BFB6CB49D09}.Release|Any CPU.ActiveCfg = Release|Any CPU
		{935CEABF-77F6-4274-BC12-8BFB6CB49D09}.Release|Any CPU.Build.0 = Release|Any CPU
	EndGlobalSection
	GlobalSection(SolutionProperties) = preSolution
		HideSolutionNode = FALSE
	EndGlobalSection
	GlobalSection(ExtensibilityGlobals) = postSolution
		SolutionGuid = {B1DE5B7F-C862-45E8-A5AC-C3D58F370483}
	EndGlobalSection
EndGlobal
